// !$*UTF8*$!
{
	archiveVersion = 1;
	classes = {
	};
	objectVersion = 50;
	objects = {

/* Begin PBXBuildFile section */
		2610FF4C26E91D8B00E4E19F /* AppDelegate.swift in Sources */ = {isa = PBXBuildFile; fileRef = 2610FF4B26E91D8B00E4E19F /* AppDelegate.swift */; };
		2610FF4E26E91D8B00E4E19F /* SceneDelegate.swift in Sources */ = {isa = PBXBuildFile; fileRef = 2610FF4D26E91D8B00E4E19F /* SceneDelegate.swift */; };
		2610FF5026E91D8B00E4E19F /* ContentView.swift in Sources */ = {isa = PBXBuildFile; fileRef = 2610FF4F26E91D8B00E4E19F /* ContentView.swift */; };
		2610FF5226E91D8F00E4E19F /* Assets.xcassets in Resources */ = {isa = PBXBuildFile; fileRef = 2610FF5126E91D8F00E4E19F /* Assets.xcassets */; };
		2610FF5526E91D8F00E4E19F /* Preview Assets.xcassets in Resources */ = {isa = PBXBuildFile; fileRef = 2610FF5426E91D8F00E4E19F /* Preview Assets.xcassets */; };
		2610FF5826E91D8F00E4E19F /* LaunchScreen.storyboard in Resources */ = {isa = PBXBuildFile; fileRef = 2610FF5626E91D8F00E4E19F /* LaunchScreen.storyboard */; };
		2610FF6326E91D8F00E4E19F /* EatorstopTests.swift in Sources */ = {isa = PBXBuildFile; fileRef = 2610FF6226E91D8F00E4E19F /* EatorstopTests.swift */; };
		2610FF6E26E91D8F00E4E19F /* EatorstopUITests.swift in Sources */ = {isa = PBXBuildFile; fileRef = 2610FF6D26E91D8F00E4E19F /* EatorstopUITests.swift */; };
/* End PBXBuildFile section */

/* Begin PBXContainerItemProxy section */
		2610FF5F26E91D8F00E4E19F /* PBXContainerItemProxy */ = {
			isa = PBXContainerItemProxy;
			containerPortal = 2610FF4026E91D8B00E4E19F /* Project object */;
			proxyType = 1;
			remoteGlobalIDString = 2610FF4726E91D8B00E4E19F;
			remoteInfo = Eatorstop;
		};
		2610FF6A26E91D8F00E4E19F /* PBXContainerItemProxy */ = {
			isa = PBXContainerItemProxy;
			containerPortal = 2610FF4026E91D8B00E4E19F /* Project object */;
			proxyType = 1;
			remoteGlobalIDString = 2610FF4726E91D8B00E4E19F;
			remoteInfo = Eatorstop;
		};
/* End PBXContainerItemProxy section */

/* Begin PBXFileReference section */
		2610FF4826E91D8B00E4E19F /* Eatorstop.app */ = {isa = PBXFileReference; explicitFileType = wrapper.application; includeInIndex = 0; path = Eatorstop.app; sourceTree = BUILT_PRODUCTS_DIR; };
		2610FF4B26E91D8B00E4E19F /* AppDelegate.swift */ = {isa = PBXFileReference; lastKnownFileType = sourcecode.swift; path = AppDelegate.swift; sourceTree = "<group>"; };
		2610FF4D26E91D8B00E4E19F /* SceneDelegate.swift */ = {isa = PBXFileReference; lastKnownFileType = sourcecode.swift; path = SceneDelegate.swift; sourceTree = "<group>"; };
		2610FF4F26E91D8B00E4E19F /* ContentView.swift */ = {isa = PBXFileReference; lastKnownFileType = sourcecode.swift; path = ContentView.swift; sourceTree = "<group>"; };
		2610FF5126E91D8F00E4E19F /* Assets.xcassets */ = {isa = PBXFileReference; lastKnownFileType = folder.assetcatalog; path = Assets.xcassets; sourceTree = "<group>"; };
		2610FF5426E91D8F00E4E19F /* Preview Assets.xcassets */ = {isa = PBXFileReference; lastKnownFileType = folder.assetcatalog; path = "Preview Assets.xcassets"; sourceTree = "<group>"; };
		2610FF5726E91D8F00E4E19F /* Base */ = {isa = PBXFileReference; lastKnownFileType = file.storyboard; name = Base; path = Base.lproj/LaunchScreen.storyboard; sourceTree = "<group>"; };
		2610FF5926E91D8F00E4E19F /* Info.plist */ = {isa = PBXFileReference; lastKnownFileType = text.plist.xml; path = Info.plist; sourceTree = "<group>"; };
		2610FF5E26E91D8F00E4E19F /* EatorstopTests.xctest */ = {isa = PBXFileReference; explicitFileType = wrapper.cfbundle; includeInIndex = 0; path = EatorstopTests.xctest; sourceTree = BUILT_PRODUCTS_DIR; };
		2610FF6226E91D8F00E4E19F /* EatorstopTests.swift */ = {isa = PBXFileReference; lastKnownFileType = sourcecode.swift; path = EatorstopTests.swift; sourceTree = "<group>"; };
		2610FF6426E91D8F00E4E19F /* Info.plist */ = {isa = PBXFileReference; lastKnownFileType = text.plist.xml; path = Info.plist; sourceTree = "<group>"; };
		2610FF6926E91D8F00E4E19F /* EatorstopUITests.xctest */ = {isa = PBXFileReference; explicitFileType = wrapper.cfbundle; includeInIndex = 0; path = EatorstopUITests.xctest; sourceTree = BUILT_PRODUCTS_DIR; };
		2610FF6D26E91D8F00E4E19F /* EatorstopUITests.swift */ = {isa = PBXFileReference; lastKnownFileType = sourcecode.swift; path = EatorstopUITests.swift; sourceTree = "<group>"; };
		2610FF6F26E91D8F00E4E19F /* Info.plist */ = {isa = PBXFileReference; lastKnownFileType = text.plist.xml; path = Info.plist; sourceTree = "<group>"; };
/* End PBXFileReference section */

/* Begin PBXFrameworksBuildPhase section */
		2610FF4526E91D8B00E4E19F /* Frameworks */ = {
			isa = PBXFrameworksBuildPhase;
			buildActionMask = 2147483647;
			files = (
			);
			runOnlyForDeploymentPostprocessing = 0;
		};
		2610FF5B26E91D8F00E4E19F /* Frameworks */ = {
			isa = PBXFrameworksBuildPhase;
			buildActionMask = 2147483647;
			files = (
			);
			runOnlyForDeploymentPostprocessing = 0;
		};
		2610FF6626E91D8F00E4E19F /* Frameworks */ = {
			isa = PBXFrameworksBuildPhase;
			buildActionMask = 2147483647;
			files = (
			);
			runOnlyForDeploymentPostprocessing = 0;
		};
/* End PBXFrameworksBuildPhase section */

/* Begin PBXGroup section */
		2610FF3F26E91D8B00E4E19F = {
			isa = PBXGroup;
			children = (
				2610FF4A26E91D8B00E4E19F /* Eatorstop */,
				2610FF6126E91D8F00E4E19F /* EatorstopTests */,
				2610FF6C26E91D8F00E4E19F /* EatorstopUITests */,
				2610FF4926E91D8B00E4E19F /* Products */,
			);
			sourceTree = "<group>";
		};
		2610FF4926E91D8B00E4E19F /* Products */ = {
			isa = PBXGroup;
			children = (
				2610FF4826E91D8B00E4E19F /* Eatorstop.app */,
				2610FF5E26E91D8F00E4E19F /* EatorstopTests.xctest */,
				2610FF6926E91D8F00E4E19F /* EatorstopUITests.xctest */,
			);
			name = Products;
			sourceTree = "<group>";
		};
		2610FF4A26E91D8B00E4E19F /* Eatorstop */ = {
			isa = PBXGroup;
			children = (
				2610FF4B26E91D8B00E4E19F /* AppDelegate.swift */,
				2610FF4D26E91D8B00E4E19F /* SceneDelegate.swift */,
				2610FF4F26E91D8B00E4E19F /* ContentView.swift */,
				2610FF5126E91D8F00E4E19F /* Assets.xcassets */,
				2610FF5626E91D8F00E4E19F /* LaunchScreen.storyboard */,
				2610FF5926E91D8F00E4E19F /* Info.plist */,
				2610FF5326E91D8F00E4E19F /* Preview Content */,
			);
			path = Eatorstop;
			sourceTree = "<group>";
		};
		2610FF5326E91D8F00E4E19F /* Preview Content */ = {
			isa = PBXGroup;
			children = (
				2610FF5426E91D8F00E4E19F /* Preview Assets.xcassets */,
			);
			path = "Preview Content";
			sourceTree = "<group>";
		};
		2610FF6126E91D8F00E4E19F /* EatorstopTests */ = {
			isa = PBXGroup;
			children = (
				2610FF6226E91D8F00E4E19F /* EatorstopTests.swift */,
				2610FF6426E91D8F00E4E19F /* Info.plist */,
			);
			path = EatorstopTests;
			sourceTree = "<group>";
		};
		2610FF6C26E91D8F00E4E19F /* EatorstopUITests */ = {
			isa = PBXGroup;
			children = (
				2610FF6D26E91D8F00E4E19F /* EatorstopUITests.swift */,
				2610FF6F26E91D8F00E4E19F /* Info.plist */,
			);
			path = EatorstopUITests;
			sourceTree = "<group>";
		};
/* End PBXGroup section */

/* Begin PBXNativeTarget section */
		2610FF4726E91D8B00E4E19F /* Eatorstop */ = {
			isa = PBXNativeTarget;
			buildConfigurationList = 2610FF7226E91D8F00E4E19F /* Build configuration list for PBXNativeTarget "Eatorstop" */;
			buildPhases = (
				2610FF4426E91D8B00E4E19F /* Sources */,
				2610FF4526E91D8B00E4E19F /* Frameworks */,
				2610FF4626E91D8B00E4E19F /* Resources */,
			);
			buildRules = (
			);
			dependencies = (
			);
			name = Eatorstop;
			productName = Eatorstop;
			productReference = 2610FF4826E91D8B00E4E19F /* Eatorstop.app */;
			productType = "com.apple.product-type.application";
		};
		2610FF5D26E91D8F00E4E19F /* EatorstopTests */ = {
			isa = PBXNativeTarget;
			buildConfigurationList = 2610FF7526E91D8F00E4E19F /* Build configuration list for PBXNativeTarget "EatorstopTests" */;
			buildPhases = (
				2610FF5A26E91D8F00E4E19F /* Sources */,
				2610FF5B26E91D8F00E4E19F /* Frameworks */,
				2610FF5C26E91D8F00E4E19F /* Resources */,
			);
			buildRules = (
			);
			dependencies = (
				2610FF6026E91D8F00E4E19F /* PBXTargetDependency */,
			);
			name = EatorstopTests;
			productName = EatorstopTests;
			productReference = 2610FF5E26E91D8F00E4E19F /* EatorstopTests.xctest */;
			productType = "com.apple.product-type.bundle.unit-test";
		};
		2610FF6826E91D8F00E4E19F /* EatorstopUITests */ = {
			isa = PBXNativeTarget;
			buildConfigurationList = 2610FF7826E91D8F00E4E19F /* Build configuration list for PBXNativeTarget "EatorstopUITests" */;
			buildPhases = (
				2610FF6526E91D8F00E4E19F /* Sources */,
				2610FF6626E91D8F00E4E19F /* Frameworks */,
				2610FF6726E91D8F00E4E19F /* Resources */,
			);
			buildRules = (
			);
			dependencies = (
				2610FF6B26E91D8F00E4E19F /* PBXTargetDependency */,
			);
			name = EatorstopUITests;
			productName = EatorstopUITests;
			productReference = 2610FF6926E91D8F00E4E19F /* EatorstopUITests.xctest */;
			productType = "com.apple.product-type.bundle.ui-testing";
		};
/* End PBXNativeTarget section */

/* Begin PBXProject section */
		2610FF4026E91D8B00E4E19F /* Project object */ = {
			isa = PBXProject;
			attributes = {
				LastSwiftUpdateCheck = 1250;
				LastUpgradeCheck = 1250;
				TargetAttributes = {
					2610FF4726E91D8B00E4E19F = {
						CreatedOnToolsVersion = 12.5.1;
					};
					2610FF5D26E91D8F00E4E19F = {
						CreatedOnToolsVersion = 12.5.1;
						TestTargetID = 2610FF4726E91D8B00E4E19F;
					};
					2610FF6826E91D8F00E4E19F = {
						CreatedOnToolsVersion = 12.5.1;
						TestTargetID = 2610FF4726E91D8B00E4E19F;
					};
				};
			};
			buildConfigurationList = 2610FF4326E91D8B00E4E19F /* Build configuration list for PBXProject "Eatorstop" */;
			compatibilityVersion = "Xcode 9.3";
			developmentRegion = en;
			hasScannedForEncodings = 0;
			knownRegions = (
				en,
				Base,
			);
			mainGroup = 2610FF3F26E91D8B00E4E19F;
			productRefGroup = 2610FF4926E91D8B00E4E19F /* Products */;
			projectDirPath = "";
			projectRoot = "";
			targets = (
				2610FF4726E91D8B00E4E19F /* Eatorstop */,
				2610FF5D26E91D8F00E4E19F /* EatorstopTests */,
				2610FF6826E91D8F00E4E19F /* EatorstopUITests */,
			);
		};
/* End PBXProject section */

/* Begin PBXResourcesBuildPhase section */
		2610FF4626E91D8B00E4E19F /* Resources */ = {
			isa = PBXResourcesBuildPhase;
			buildActionMask = 2147483647;
			files = (
				2610FF5826E91D8F00E4E19F /* LaunchScreen.storyboard in Resources */,
				2610FF5526E91D8F00E4E19F /* Preview Assets.xcassets in Resources */,
				2610FF5226E91D8F00E4E19F /* Assets.xcassets in Resources */,
			);
			runOnlyForDeploymentPostprocessing = 0;
		};
		2610FF5C26E91D8F00E4E19F /* Resources */ = {
			isa = PBXResourcesBuildPhase;
			buildActionMask = 2147483647;
			files = (
			);
			runOnlyForDeploymentPostprocessing = 0;
		};
		2610FF6726E91D8F00E4E19F /* Resources */ = {
			isa = PBXResourcesBuildPhase;
			buildActionMask = 2147483647;
			files = (
			);
			runOnlyForDeploymentPostprocessing = 0;
		};
/* End PBXResourcesBuildPhase section */

/* Begin PBXSourcesBuildPhase section */
		2610FF4426E91D8B00E4E19F /* Sources */ = {
			isa = PBXSourcesBuildPhase;
			buildActionMask = 2147483647;
			files = (
				2610FF4C26E91D8B00E4E19F /* AppDelegate.swift in Sources */,
				2610FF4E26E91D8B00E4E19F /* SceneDelegate.swift in Sources */,
				2610FF5026E91D8B00E4E19F /* ContentView.swift in Sources */,
			);
			runOnlyForDeploymentPostprocessing = 0;
		};
		2610FF5A26E91D8F00E4E19F /* Sources */ = {
			isa = PBXSourcesBuildPhase;
			buildActionMask = 2147483647;
			files = (
				2610FF6326E91D8F00E4E19F /* EatorstopTests.swift in Sources */,
			);
			runOnlyForDeploymentPostprocessing = 0;
		};
		2610FF6526E91D8F00E4E19F /* Sources */ = {
			isa = PBXSourcesBuildPhase;
			buildActionMask = 2147483647;
			files = (
				2610FF6E26E91D8F00E4E19F /* EatorstopUITests.swift in Sources */,
			);
			runOnlyForDeploymentPostprocessing = 0;
		};
/* End PBXSourcesBuildPhase section */

/* Begin PBXTargetDependency section */
		2610FF6026E91D8F00E4E19F /* PBXTargetDependency */ = {
			isa = PBXTargetDependency;
			target = 2610FF4726E91D8B00E4E19F /* Eatorstop */;
			targetProxy = 2610FF5F26E91D8F00E4E19F /* PBXContainerItemProxy */;
		};
		2610FF6B26E91D8F00E4E19F /* PBXTargetDependency */ = {
			isa = PBXTargetDependency;
			target = 2610FF4726E91D8B00E4E19F /* Eatorstop */;
			targetProxy = 2610FF6A26E91D8F00E4E19F /* PBXContainerItemProxy */;
		};
/* End PBXTargetDependency section */

/* Begin PBXVariantGroup section */
		2610FF5626E91D8F00E4E19F /* LaunchScreen.storyboard */ = {
			isa = PBXVariantGroup;
			children = (
				2610FF5726E91D8F00E4E19F /* Base */,
			);
			name = LaunchScreen.storyboard;
			sourceTree = "<group>";
		};
/* End PBXVariantGroup section */

/* Begin XCBuildConfiguration section */
		2610FF7026E91D8F00E4E19F /* Debug */ = {
			isa = XCBuildConfiguration;
			buildSettings = {
				ALWAYS_SEARCH_USER_PATHS = NO;
				CLANG_ANALYZER_NONNULL = YES;
				CLANG_ANALYZER_NUMBER_OBJECT_CONVERSION = YES_AGGRESSIVE;
				CLANG_CXX_LANGUAGE_STANDARD = "gnu++14";
				CLANG_CXX_LIBRARY = "libc++";
				CLANG_ENABLE_MODULES = YES;
				CLANG_ENABLE_OBJC_ARC = YES;
				CLANG_ENABLE_OBJC_WEAK = YES;
				CLANG_WARN_BLOCK_CAPTURE_AUTORELEASING = YES;
				CLANG_WARN_BOOL_CONVERSION = YES;
				CLANG_WARN_COMMA = YES;
				CLANG_WARN_CONSTANT_CONVERSION = YES;
				CLANG_WARN_DEPRECATED_OBJC_IMPLEMENTATIONS = YES;
				CLANG_WARN_DIRECT_OBJC_ISA_USAGE = YES_ERROR;
				CLANG_WARN_DOCUMENTATION_COMMENTS = YES;
				CLANG_WARN_EMPTY_BODY = YES;
				CLANG_WARN_ENUM_CONVERSION = YES;
				CLANG_WARN_INFINITE_RECURSION = YES;
				CLANG_WARN_INT_CONVERSION = YES;
				CLANG_WARN_NON_LITERAL_NULL_CONVERSION = YES;
				CLANG_WARN_OBJC_IMPLICIT_RETAIN_SELF = YES;
				CLANG_WARN_OBJC_LITERAL_CONVERSION = YES;
				CLANG_WARN_OBJC_ROOT_CLASS = YES_ERROR;
				CLANG_WARN_QUOTED_INCLUDE_IN_FRAMEWORK_HEADER = YES;
				CLANG_WARN_RANGE_LOOP_ANALYSIS = YES;
				CLANG_WARN_STRICT_PROTOTYPES = YES;
				CLANG_WARN_SUSPICIOUS_MOVE = YES;
				CLANG_WARN_UNGUARDED_AVAILABILITY = YES_AGGRESSIVE;
				CLANG_WARN_UNREACHABLE_CODE = YES;
				CLANG_WARN__DUPLICATE_METHOD_MATCH = YES;
				COPY_PHASE_STRIP = NO;
				DEBUG_INFORMATION_FORMAT = dwarf;
				ENABLE_STRICT_OBJC_MSGSEND = YES;
				ENABLE_TESTABILITY = YES;
				GCC_C_LANGUAGE_STANDARD = gnu11;
				GCC_DYNAMIC_NO_PIC = NO;
				GCC_NO_COMMON_BLOCKS = YES;
				GCC_OPTIMIZATION_LEVEL = 0;
				GCC_PREPROCESSOR_DEFINITIONS = (
					"DEBUG=1",
					"$(inherited)",
				);
				GCC_WARN_64_TO_32_BIT_CONVERSION = YES;
				GCC_WARN_ABOUT_RETURN_TYPE = YES_ERROR;
				GCC_WARN_UNDECLARED_SELECTOR = YES;
				GCC_WARN_UNINITIALIZED_AUTOS = YES_AGGRESSIVE;
				GCC_WARN_UNUSED_FUNCTION = YES;
				GCC_WARN_UNUSED_VARIABLE = YES;
				IPHONEOS_DEPLOYMENT_TARGET = 14.5;
				MTL_ENABLE_DEBUG_INFO = INCLUDE_SOURCE;
				MTL_FAST_MATH = YES;
				ONLY_ACTIVE_ARCH = YES;
				SDKROOT = iphoneos;
				SWIFT_ACTIVE_COMPILATION_CONDITIONS = DEBUG;
				SWIFT_OPTIMIZATION_LEVEL = "-Onone";
			};
			name = Debug;
		};
		2610FF7126E91D8F00E4E19F /* Release */ = {
			isa = XCBuildConfiguration;
			buildSettings = {
				ALWAYS_SEARCH_USER_PATHS = NO;
				CLANG_ANALYZER_NONNULL = YES;
				CLANG_ANALYZER_NUMBER_OBJECT_CONVERSION = YES_AGGRESSIVE;
				CLANG_CXX_LANGUAGE_STANDARD = "gnu++14";
				CLANG_CXX_LIBRARY = "libc++";
				CLANG_ENABLE_MODULES = YES;
				CLANG_ENABLE_OBJC_ARC = YES;
				CLANG_ENABLE_OBJC_WEAK = YES;
				CLANG_WARN_BLOCK_CAPTURE_AUTORELEASING = YES;
				CLANG_WARN_BOOL_CONVERSION = YES;
				CLANG_WARN_COMMA = YES;
				CLANG_WARN_CONSTANT_CONVERSION = YES;
				CLANG_WARN_DEPRECATED_OBJC_IMPLEMENTATIONS = YES;
				CLANG_WARN_DIRECT_OBJC_ISA_USAGE = YES_ERROR;
				CLANG_WARN_DOCUMENTATION_COMMENTS = YES;
				CLANG_WARN_EMPTY_BODY = YES;
				CLANG_WARN_ENUM_CONVERSION = YES;
				CLANG_WARN_INFINITE_RECURSION = YES;
				CLANG_WARN_INT_CONVERSION = YES;
				CLANG_WARN_NON_LITERAL_NULL_CONVERSION = YES;
				CLANG_WARN_OBJC_IMPLICIT_RETAIN_SELF = YES;
				CLANG_WARN_OBJC_LITERAL_CONVERSION = YES;
				CLANG_WARN_OBJC_ROOT_CLASS = YES_ERROR;
				CLANG_WARN_QUOTED_INCLUDE_IN_FRAMEWORK_HEADER = YES;
				CLANG_WARN_RANGE_LOOP_ANALYSIS = YES;
				CLANG_WARN_STRICT_PROTOTYPES = YES;
				CLANG_WARN_SUSPICIOUS_MOVE = YES;
				CLANG_WARN_UNGUARDED_AVAILABILITY = YES_AGGRESSIVE;
				CLANG_WARN_UNREACHABLE_CODE = YES;
				CLANG_WARN__DUPLICATE_METHOD_MATCH = YES;
				COPY_PHASE_STRIP = NO;
				DEBUG_INFORMATION_FORMAT = "dwarf-with-dsym";
				ENABLE_NS_ASSERTIONS = NO;
				ENABLE_STRICT_OBJC_MSGSEND = YES;
				GCC_C_LANGUAGE_STANDARD = gnu11;
				GCC_NO_COMMON_BLOCKS = YES;
				GCC_WARN_64_TO_32_BIT_CONVERSION = YES;
				GCC_WARN_ABOUT_RETURN_TYPE = YES_ERROR;
				GCC_WARN_UNDECLARED_SELECTOR = YES;
				GCC_WARN_UNINITIALIZED_AUTOS = YES_AGGRESSIVE;
				GCC_WARN_UNUSED_FUNCTION = YES;
				GCC_WARN_UNUSED_VARIABLE = YES;
				IPHONEOS_DEPLOYMENT_TARGET = 14.5;
				MTL_ENABLE_DEBUG_INFO = NO;
				MTL_FAST_MATH = YES;
				SDKROOT = iphoneos;
				SWIFT_COMPILATION_MODE = wholemodule;
				SWIFT_OPTIMIZATION_LEVEL = "-O";
				VALIDATE_PRODUCT = YES;
			};
			name = Release;
		};
		2610FF7326E91D8F00E4E19F /* Debug */ = {
			isa = XCBuildConfiguration;
			buildSettings = {
				ASSETCATALOG_COMPILER_APPICON_NAME = AppIcon;
				ASSETCATALOG_COMPILER_GLOBAL_ACCENT_COLOR_NAME = AccentColor;
				CODE_SIGN_STYLE = Automatic;
				DEVELOPMENT_ASSET_PATHS = "\"Eatorstop/Preview Content\"";
				DEVELOPMENT_TEAM = KG9R6YF777;
				ENABLE_PREVIEWS = YES;
				INFOPLIST_FILE = Eatorstop/Info.plist;
				LD_RUNPATH_SEARCH_PATHS = (
					"$(inherited)",
					"@executable_path/Frameworks",
				);
				PRODUCT_BUNDLE_IDENTIFIER = com.jabee.Eatorstop;
				PRODUCT_NAME = "$(TARGET_NAME)";
				SWIFT_VERSION = 5.0;
				TARGETED_DEVICE_FAMILY = "1,2";
			};
			name = Debug;
		};
		2610FF7426E91D8F00E4E19F /* Release */ = {
			isa = XCBuildConfiguration;
			buildSettings = {
				ASSETCATALOG_COMPILER_APPICON_NAME = AppIcon;
				ASSETCATALOG_COMPILER_GLOBAL_ACCENT_COLOR_NAME = AccentColor;
				CODE_SIGN_STYLE = Automatic;
				DEVELOPMENT_ASSET_PATHS = "\"Eatorstop/Preview Content\"";
				DEVELOPMENT_TEAM = KG9R6YF777;
				ENABLE_PREVIEWS = YES;
				INFOPLIST_FILE = Eatorstop/Info.plist;
				LD_RUNPATH_SEARCH_PATHS = (
					"$(inherited)",
					"@executable_path/Frameworks",
				);
				PRODUCT_BUNDLE_IDENTIFIER = com.jabee.Eatorstop;
				PRODUCT_NAME = "$(TARGET_NAME)";
				SWIFT_VERSION = 5.0;
				TARGETED_DEVICE_FAMILY = "1,2";
			};
			name = Release;
		};
		2610FF7626E91D8F00E4E19F /* Debug */ = {
			isa = XCBuildConfiguration;
			buildSettings = {
				ALWAYS_EMBED_SWIFT_STANDARD_LIBRARIES = YES;
				BUNDLE_LOADER = "$(TEST_HOST)";
				CODE_SIGN_STYLE = Automatic;
				DEVELOPMENT_TEAM = KG9R6YF777;
				INFOPLIST_FILE = EatorstopTests/Info.plist;
				IPHONEOS_DEPLOYMENT_TARGET = 14.5;
				LD_RUNPATH_SEARCH_PATHS = (
					"$(inherited)",
					"@executable_path/Frameworks",
					"@loader_path/Frameworks",
				);
				PRODUCT_BUNDLE_IDENTIFIER = com.jabee.EatorstopTests;
				PRODUCT_NAME = "$(TARGET_NAME)";
				SWIFT_VERSION = 5.0;
				TARGETED_DEVICE_FAMILY = "1,2";
				TEST_HOST = "$(BUILT_PRODUCTS_DIR)/Eatorstop.app/Eatorstop";
			};
			name = Debug;
		};
		2610FF7726E91D8F00E4E19F /* Release */ = {
			isa = XCBuildConfiguration;
			buildSettings = {
				ALWAYS_EMBED_SWIFT_STANDARD_LIBRARIES = YES;
				BUNDLE_LOADER = "$(TEST_HOST)";
				CODE_SIGN_STYLE = Automatic;
				DEVELOPMENT_TEAM = KG9R6YF777;
				INFOPLIST_FILE = EatorstopTests/Info.plist;
				IPHONEOS_DEPLOYMENT_TARGET = 14.5;
				LD_RUNPATH_SEARCH_PATHS = (
					"$(inherited)",
					"@executable_path/Frameworks",
					"@loader_path/Frameworks",
				);
				PRODUCT_BUNDLE_IDENTIFIER = com.jabee.EatorstopTests;
				PRODUCT_NAME = "$(TARGET_NAME)";
				SWIFT_VERSION = 5.0;
				TARGETED_DEVICE_FAMILY = "1,2";
				TEST_HOST = "$(BUILT_PRODUCTS_DIR)/Eatorstop.app/Eatorstop";
			};
			name = Release;
		};
		2610FF7926E91D8F00E4E19F /* Debug */ = {
			isa = XCBuildConfiguration;
			buildSettings = {
				ALWAYS_EMBED_SWIFT_STANDARD_LIBRARIES = YES;
				CODE_SIGN_STYLE = Automatic;
				DEVELOPMENT_TEAM = KG9R6YF777;
				INFOPLIST_FILE = EatorstopUITests/Info.plist;
				LD_RUNPATH_SEARCH_PATHS = (
					"$(inherited)",
					"@executable_path/Frameworks",
					"@loader_path/Frameworks",
				);
				PRODUCT_BUNDLE_IDENTIFIER = com.jabee.EatorstopUITests;
				PRODUCT_NAME = "$(TARGET_NAME)";
				SWIFT_VERSION = 5.0;
				TARGETED_DEVICE_FAMILY = "1,2";
				TEST_TARGET_NAME = Eatorstop;
			};
			name = Debug;
		};
		2610FF7A26E91D8F00E4E19F /* Release */ = {
			isa = XCBuildConfiguration;
			buildSettings = {
				ALWAYS_EMBED_SWIFT_STANDARD_LIBRARIES = YES;
				CODE_SIGN_STYLE = Automatic;
				DEVELOPMENT_TEAM = KG9R6YF777;
				INFOPLIST_FILE = EatorstopUITests/Info.plist;
				LD_RUNPATH_SEARCH_PATHS = (
					"$(inherited)",
					"@executable_path/Frameworks",
					"@loader_path/Frameworks",
				);
				PRODUCT_BUNDLE_IDENTIFIER = com.jabee.EatorstopUITests;
				PRODUCT_NAME = "$(TARGET_NAME)";
				SWIFT_VERSION = 5.0;
				TARGETED_DEVICE_FAMILY = "1,2";
				TEST_TARGET_NAME = Eatorstop;
			};
			name = Release;
		};
/* End XCBuildConfiguration section */

/* Begin XCConfigurationList section */
		2610FF4326E91D8B00E4E19F /* Build configuration list for PBXProject "Eatorstop" */ = {
			isa = XCConfigurationList;
			buildConfigurations = (
				2610FF7026E91D8F00E4E19F /* Debug */,
				2610FF7126E91D8F00E4E19F /* Release */,
			);
			defaultConfigurationIsVisible = 0;
			defaultConfigurationName = Release;
		};
		2610FF7226E91D8F00E4E19F /* Build configuration list for PBXNativeTarget "Eatorstop" */ = {
			isa = XCConfigurationList;
			buildConfigurations = (
				2610FF7326E91D8F00E4E19F /* Debug */,
				2610FF7426E91D8F00E4E19F /* Release */,
			);
			defaultConfigurationIsVisible = 0;
			defaultConfigurationName = Release;
		};
		2610FF7526E91D8F00E4E19F /* Build configuration list for PBXNativeTarget "EatorstopTests" */ = {
			isa = XCConfigurationList;
			buildConfigurations = (
				2610FF7626E91D8F00E4E19F /* Debug */,
				2610FF7726E91D8F00E4E19F /* Release */,
			);
			defaultConfigurationIsVisible = 0;
			defaultConfigurationName = Release;
		};
		2610FF7826E91D8F00E4E19F /* Build configuration list for PBXNativeTarget "EatorstopUITests" */ = {
			isa = XCConfigurationList;
			buildConfigurations = (
				2610FF7926E91D8F00E4E19F /* Debug */,
				2610FF7A26E91D8F00E4E19F /* Release */,
			);
			defaultConfigurationIsVisible = 0;
			defaultConfigurationName = Release;
		};
/* End XCConfigurationList section */
	};
	rootObject = 2610FF4026E91D8B00E4E19F /* Project object */;
}
